
Microsoft Visual Studio Solution File, Format Version 12.00
# Visual Studio Version 17
VisualStudioVersion = 17.6.33815.320
MinimumVisualStudioVersion = 10.0.40219.1
Project("{8BC9CEB8-8B4A-11D0-8D11-00A0C91BC942}") = "SimpleCleaner", "SimpleCleaner\SimpleCleaner.vcxproj", "{118990F7-2D4E-4F51-B242-860F2ADFE60A}"
EndProject
Global
	GlobalSection(SolutionConfigurationPlatforms) = preSolution
		Debug|Any CPU = Debug|Any CPU
		Debug|ARM = Debug|ARM
		Debug|ARM64 = Debug|ARM64
		Debug|x64 = Debug|x64
		Debug|x86 = Debug|x86
		Release|Any CPU = Release|Any CPU
		Release|ARM = Release|ARM
		Release|ARM64 = Release|ARM64
		Release|x64 = Release|x64
		Release|x86 = Release|x86
	EndGlobalSection
	GlobalSection(ProjectConfigurationPlatforms) = postSolution
		{118990F7-2D4E-4F51-B242-860F2ADFE60A}.Debug|Any CPU.ActiveCfg = Debug|x64
		{118990F7-2D4E-4F51-B242-860F2ADFE60A}.Debug|Any CPU.Build.0 = Debug|x64
		{118990F7-2D4E-4F51-B242-860F2ADFE60A}.Debug|ARM.ActiveCfg = Debug|x64
		{118990F7-2D4E-4F51-B242-860F2ADFE60A}.Debug|ARM.Build.0 = Debug|x64
		{118990F7-2D4E-4F51-B242-860F2ADFE60A}.Debug|ARM64.ActiveCfg = Debug|x64
		{118990F7-2D4E-4F51-B242-860F2ADFE60A}.Debug|ARM64.Build.0 = Debug|x64
		{118990F7-2D4E-4F51-B242-860F2ADFE60A}.Debug|x64.ActiveCfg = Debug|x64
		{118990F7-2D4E-4F51-B242-860F2ADFE60A}.Debug|x64.Build.0 = Debug|x64
		{118990F7-2D4E-4F51-B242-860F2ADFE60A}.Debug|x86.ActiveCfg = Debug|Win32
		{118990F7-2D4E-4F51-B242-860F2ADFE60A}.Debug|x86.Build.0 = Debug|Win32
		{118990F7-2D4E-4F51-B242-860F2ADFE60A}.Release|Any CPU.ActiveCfg = Release|x64
		{118990F7-2D4E-4F51-B242-860F2ADFE60A}.Release|Any CPU.Build.0 = Release|x64
		{118990F7-2D4E-4F51-B242-860F2ADFE60A}.Release|ARM.ActiveCfg = Release|x64
		{118990F7-2D4E-4F51-B242-860F2ADFE60A}.Release|ARM.Build.0 = Release|x64
		{118990F7-2D4E-4F51-B242-860F2ADFE60A}.Release|ARM64.ActiveCfg = Release|x64
		{118990F7-2D4E-4F51-B242-860F2ADFE60A}.Release|ARM64.Build.0 = Release|x64
		{118990F7-2D4E-4F51-B242-860F2ADFE60A}.Release|x64.ActiveCfg = Release|x64
		{118990F7-2D4E-4F51-B242-860F2ADFE60A}.Release|x64.Build.0 = Release|x64
		{118990F7-2D4E-4F51-B242-860F2ADFE60A}.Release|x86.ActiveCfg = Release|Win32
		{118990F7-2D4E-4F51-B242-860F2ADFE60A}.Release|x86.Build.0 = Release|Win32
	EndGlobalSection
	GlobalSection(SolutionProperties) = preSolution
		HideSolutionNode = FALSE
	EndGlobalSection
	GlobalSection(ExtensibilityGlobals) = postSolution
		SolutionGuid = {4ACC17C7-90D1-4182-AB59-31A34A55056C}
	EndGlobalSection
EndGlobal
